<?xml version="1.0" encoding="UTF-8"?>
<Scheme
   version = "1.3">
   <BuildAction>
      <BuildActionEntries>
         <BuildActionEntry
            buildForRunning = "YES">
            <BuildableReference
               BuildableIdentifier = "primary"
               BlueprintIdentifier = "C3330E8322E550D800FD7475"
               BuildableName = "ChangeFolderIcon.app"
               BlueprintName = "ChangeFolderIcon"
               ReferencedContainer = "container:ChangeFolderIcon.xcodeproj">
            </BuildableReference>
         </BuildActionEntry>
      </BuildActionEntries>
   </BuildAction>
   <LaunchAction
      useCustomWorkingDirectory = "NO"
      buildConfiguration = "Debug"
      allowLocationSimulation = "YES">
      <BuildableProductRunnable>
         <BuildableReference
            BuildableIdentifier = "primary"
            BlueprintIdentifier = "C3330E8322E550D800FD7475"
            BuildableName = "ChangeFolderIcon.app"
            BlueprintName = "ChangeFolderIcon"
            ReferencedContainer = "container:ChangeFolderIcon.xcodeproj">
         </BuildableReference>
      </BuildableProductRunnable>
   </LaunchAction>
</Scheme>
